
Microsoft Visual Studio Solution File, Format Version 12.00
# Visual Studio Version 16
VisualStudioVersion = 25.0.1704.2
MinimumVisualStudioVersion = 10.0.40219.1
Project("{FAE04EC0-301F-11D3-BF4B-00C04F79EFBC}") = "WhichEpisodesApp", "WhichEpisodesApp\WhichEpisodesApp.csproj", "{EF229928-8BA6-4843-A85E-2D4880628751}"
EndProject
Global
	GlobalSection(SolutionConfigurationPlatforms) = preSolution
		Debug|Any CPU = Debug|Any CPU
		Release|Any CPU = Release|Any CPU
	EndGlobalSection
	GlobalSection(ProjectConfigurationPlatforms) = postSolution
		{EF229928-8BA6-4843-A85E-2D4880628751}.Debug|Any CPU.ActiveCfg = Debug|Any CPU
		{EF229928-8BA6-4843-A85E-2D4880628751}.Debug|Any CPU.Build.0 = Debug|Any CPU
		{EF229928-8BA6-4843-A85E-2D4880628751}.Release|Any CPU.ActiveCfg = Release|Any CPU
		{EF229928-8BA6-4843-A85E-2D4880628751}.Release|Any CPU.Build.0 = Release|Any CPU
	EndGlobalSection
	GlobalSection(SolutionProperties) = preSolution
		HideSolutionNode = FALSE
	EndGlobalSection
	GlobalSection(ExtensibilityGlobals) = postSolution
		SolutionGuid = {DA434A2E-4AB6-465F-A496-5257D970109B}
	EndGlobalSection
EndGlobal
